{
	"requires": true,
	"lockfileVersion": 1,
	"dependencies": {
		"angular": {
			"version": "1.7.2",
			"resolved": "https://registry.npmjs.org/angular/-/angular-1.7.2.tgz",
			"integrity": "sha512-JcKKJbBdybUsmQ6x1M3xWyTYQ/ioVKJhSByEAjqrhmlOfvMFdhfMqAx5KIo8rLGk4DFolYPcCSgssjgTVjCtRQ=="
		},
		"angular-mocks": {
			"version": "1.7.2",
			"resolved": "https://registry.npmjs.org/angular-mocks/-/angular-mocks-1.7.2.tgz",
			"integrity": "sha512-yj9eWPG0usXX2eDTWM6YOmAGKraT7qHwuD+NrNyaR+mtrNr2ls77WuWXTjE1hZpmxTaGj4+R1nMY696XZn740Q=="
		}
	}
}
