{
	"requires": true,
	"lockfileVersion": 1,
	"dependencies": {
		"axios": {
			"version": "0.17.1",
			"resolved": "http://repo.availity.com:8081/artifactory/api/npm/npm/axios/-/axios-0.17.1.tgz",
			"integrity": "sha1-LY4+XQvb1zJ/kbyBT1xXZg+Bgk0=",
			"requires": {
				"follow-redirects": "^1.2.5",
				"is-buffer": "^1.1.5"
			}
		},
		"debug": {
			"version": "3.1.0",
			"resolved": "http://repo.availity.com:8081/artifactory/api/npm/npm/debug/-/debug-3.1.0.tgz",
			"integrity": "sha1-W7WgZyYotkFJVmuhaBnmFRjGcmE=",
			"requires": {
				"ms": "2.0.0"
			}
		},
		"deep-assign": {
			"version": "2.0.0",
			"resolved": "https://registry.npmjs.org/deep-assign/-/deep-assign-2.0.0.tgz",
			"integrity": "sha1-6+BrHwfwja5ZdiDj3RYi83GhxXI=",
			"requires": {
				"is-obj": "^1.0.0"
			}
		},
		"follow-redirects": {
			"version": "1.4.1",
			"resolved": "http://repo.availity.com:8081/artifactory/api/npm/npm/follow-redirects/-/follow-redirects-1.4.1.tgz",
			"integrity": "sha1-2BIPRRgZD1Wqxlu2/HuF/NZm1qo=",
			"requires": {
				"debug": "^3.1.0"
			}
		},
		"is-buffer": {
			"version": "1.1.6",
			"resolved": "http://repo.availity.com:8081/artifactory/api/npm/npm/is-buffer/-/is-buffer-1.1.6.tgz",
			"integrity": "sha1-76ouqdqg16suoTqXsritUf776L4="
		},
		"is-obj": {
			"version": "1.0.1",
			"resolved": "https://registry.npmjs.org/is-obj/-/is-obj-1.0.1.tgz",
			"integrity": "sha1-PkcprB9f3gJc19g6iW2rn09n2w8="
		},
		"ms": {
			"version": "2.0.0",
			"resolved": "http://repo.availity.com:8081/artifactory/api/npm/npm/ms/-/ms-2.0.0.tgz",
			"integrity": "sha1-VgiurfwAvmwpAd9fmGF4jeDVl8g="
		}
	}
}
