{
	"requires": true,
	"lockfileVersion": 1,
	"dependencies": {
		"attempt-x": {
			"version": "1.1.1",
			"resolved": "http://repo.availity.com:8081/artifactory/api/npm/npm/attempt-x/-/attempt-x-1.1.1.tgz",
			"integrity": "sha1-+6ZOls4Dw+C9kskmIgYcTfOHy3Y="
		},
		"buffer-from": {
			"version": "0.1.1",
			"resolved": "http://repo.availity.com:8081/artifactory/api/npm/npm/buffer-from/-/buffer-from-0.1.1.tgz",
			"integrity": "sha1-V7GLHaChnsBvM4N6UnWiQjUb114=",
			"requires": {
				"is-array-buffer-x": "1.7.0"
			}
		},
		"cached-constructors-x": {
			"version": "1.0.0",
			"resolved": "http://repo.availity.com:8081/artifactory/api/npm/npm/cached-constructors-x/-/cached-constructors-x-1.0.0.tgz",
			"integrity": "sha1-xCHjiSpLb3eUQ0vc/9EpmzMMGBs="
		},
		"extend": {
			"version": "3.0.1",
			"resolved": "http://repo.availity.com:8081/artifactory/api/npm/npm/extend/-/extend-3.0.1.tgz",
			"integrity": "sha1-p1Xqe8Gt/MWjHOfnYtuq3F5jZEQ="
		},
		"has-own-property-x": {
			"version": "3.2.0",
			"resolved": "http://repo.availity.com:8081/artifactory/api/npm/npm/has-own-property-x/-/has-own-property-x-3.2.0.tgz",
			"integrity": "sha1-HEsRKld8jLWAVGlVblS26Vnk3tk=",
			"requires": {
				"cached-constructors-x": "1.0.0",
				"to-object-x": "1.5.0",
				"to-property-key-x": "2.0.2"
			}
		},
		"has-symbol-support-x": {
			"version": "1.4.1",
			"resolved": "http://repo.availity.com:8081/artifactory/api/npm/npm/has-symbol-support-x/-/has-symbol-support-x-1.4.1.tgz",
			"integrity": "sha1-ZuwuN34MfXzO2wejqE13UQ/xvEw="
		},
		"has-to-string-tag-x": {
			"version": "1.4.1",
			"resolved": "http://repo.availity.com:8081/artifactory/api/npm/npm/has-to-string-tag-x/-/has-to-string-tag-x-1.4.1.tgz",
			"integrity": "sha1-oEWrOD17SyASoAFIqwql8pAETU0=",
			"requires": {
				"has-symbol-support-x": "1.4.1"
			}
		},
		"infinity-x": {
			"version": "1.0.0",
			"resolved": "http://repo.availity.com:8081/artifactory/api/npm/npm/infinity-x/-/infinity-x-1.0.0.tgz",
			"integrity": "sha1-zqLXUYHYIJYbD3LXjnxOBv3VWgc="
		},
		"is-array-buffer-x": {
			"version": "1.7.0",
			"resolved": "http://repo.availity.com:8081/artifactory/api/npm/npm/is-array-buffer-x/-/is-array-buffer-x-1.7.0.tgz",
			"integrity": "sha1-SwsQQntkqjQ3dnrfT8B3AsWbI3E=",
			"requires": {
				"attempt-x": "1.1.1",
				"has-to-string-tag-x": "1.4.1",
				"is-object-like-x": "1.6.0",
				"object-get-own-property-descriptor-x": "3.2.0",
				"to-string-tag-x": "1.4.2"
			}
		},
		"is-date-object": {
			"version": "1.0.1",
			"resolved": "http://repo.availity.com:8081/artifactory/api/npm/npm/is-date-object/-/is-date-object-1.0.1.tgz",
			"integrity": "sha1-mqIOtq7rv/d/vTPnTKAbM1gdOhY="
		},
		"is-falsey-x": {
			"version": "1.0.1",
			"resolved": "http://repo.availity.com:8081/artifactory/api/npm/npm/is-falsey-x/-/is-falsey-x-1.0.1.tgz",
			"integrity": "sha1-xGmVGtyVuLP9v5CSmzNafek30X8=",
			"requires": {
				"to-boolean-x": "1.0.1"
			}
		},
		"is-finite-x": {
			"version": "3.0.2",
			"resolved": "http://repo.availity.com:8081/artifactory/api/npm/npm/is-finite-x/-/is-finite-x-3.0.2.tgz",
			"integrity": "sha1-puxoPPsrwakYof9Z0XjtvOpU96Y=",
			"requires": {
				"infinity-x": "1.0.0",
				"is-nan-x": "1.0.1"
			}
		},
		"is-function-x": {
			"version": "3.3.0",
			"resolved": "http://repo.availity.com:8081/artifactory/api/npm/npm/is-function-x/-/is-function-x-3.3.0.tgz",
			"integrity": "sha1-fRa8EThT2yBtXkCosyyvmb1P98A=",
			"requires": {
				"attempt-x": "1.1.1",
				"has-to-string-tag-x": "1.4.1",
				"is-falsey-x": "1.0.1",
				"is-primitive": "2.0.0",
				"normalize-space-x": "3.0.0",
				"replace-comments-x": "2.0.0",
				"to-boolean-x": "1.0.1",
				"to-string-tag-x": "1.4.2"
			}
		},
		"is-index-x": {
			"version": "1.1.0",
			"resolved": "http://repo.availity.com:8081/artifactory/api/npm/npm/is-index-x/-/is-index-x-1.1.0.tgz",
			"integrity": "sha1-Q9rJezoE8wGRUwgz9FrDUAFoLuI=",
			"requires": {
				"math-clamp-x": "1.2.0",
				"max-safe-integer": "1.0.1",
				"to-integer-x": "3.0.0",
				"to-number-x": "2.0.0",
				"to-string-symbols-supported-x": "1.0.0"
			}
		},
		"is-nan-x": {
			"version": "1.0.1",
			"resolved": "http://repo.availity.com:8081/artifactory/api/npm/npm/is-nan-x/-/is-nan-x-1.0.1.tgz",
			"integrity": "sha1-3nR+vMi93rZvNnwXysp+uoQ4VcA="
		},
		"is-nil-x": {
			"version": "1.4.1",
			"resolved": "http://repo.availity.com:8081/artifactory/api/npm/npm/is-nil-x/-/is-nil-x-1.4.1.tgz",
			"integrity": "sha1-vZ57CLTNcy+dy94T2TKRuy7C4kg=",
			"requires": {
				"lodash.isnull": "3.0.0",
				"validate.io-undefined": "1.0.3"
			}
		},
		"is-object-like-x": {
			"version": "1.6.0",
			"resolved": "http://repo.availity.com:8081/artifactory/api/npm/npm/is-object-like-x/-/is-object-like-x-1.6.0.tgz",
			"integrity": "sha1-qMSpW9a5XbF04ORzAXGhYOxzvoI=",
			"requires": {
				"is-function-x": "3.3.0",
				"is-primitive": "2.0.0"
			}
		},
		"is-primitive": {
			"version": "2.0.0",
			"resolved": "http://repo.availity.com:8081/artifactory/api/npm/npm/is-primitive/-/is-primitive-2.0.0.tgz",
			"integrity": "sha1-IHurkWOEmcB7Kt8kCkGochADRXU="
		},
		"is-string": {
			"version": "1.0.4",
			"resolved": "http://repo.availity.com:8081/artifactory/api/npm/npm/is-string/-/is-string-1.0.4.tgz",
			"integrity": "sha1-zDqbaYV9Yh6WNyWiTK7shzuCbmQ="
		},
		"is-symbol": {
			"version": "1.0.1",
			"resolved": "http://repo.availity.com:8081/artifactory/api/npm/npm/is-symbol/-/is-symbol-1.0.1.tgz",
			"integrity": "sha1-PMWfAAJRlLarLjjbrmaJJWtmBXI="
		},
		"lodash.isnull": {
			"version": "3.0.0",
			"resolved": "http://repo.availity.com:8081/artifactory/api/npm/npm/lodash.isnull/-/lodash.isnull-3.0.0.tgz",
			"integrity": "sha1-+vvlnqHcon7teGU0A53YTC4HxW4="
		},
		"lodash.throttle": {
			"version": "4.1.1",
			"resolved": "http://repo.availity.com:8081/artifactory/api/npm/npm/lodash.throttle/-/lodash.throttle-4.1.1.tgz",
			"integrity": "sha1-wj6RtxAkKscMN/HhzaknTMOb8vQ="
		},
		"math-clamp-x": {
			"version": "1.2.0",
			"resolved": "http://repo.availity.com:8081/artifactory/api/npm/npm/math-clamp-x/-/math-clamp-x-1.2.0.tgz",
			"integrity": "sha1-i1N74GRbu6fuc+4WCR59YBjF7c8=",
			"requires": {
				"to-number-x": "2.0.0"
			}
		},
		"math-sign-x": {
			"version": "3.0.0",
			"resolved": "http://repo.availity.com:8081/artifactory/api/npm/npm/math-sign-x/-/math-sign-x-3.0.0.tgz",
			"integrity": "sha1-1ShgIrSOFQw4RymoYELgg1Jkw+0=",
			"requires": {
				"is-nan-x": "1.0.1",
				"to-number-x": "2.0.0"
			}
		},
		"max-safe-integer": {
			"version": "1.0.1",
			"resolved": "http://repo.availity.com:8081/artifactory/api/npm/npm/max-safe-integer/-/max-safe-integer-1.0.1.tgz",
			"integrity": "sha1-84BgvixWPYwC5tSK85Ei/YO29BA="
		},
		"nan-x": {
			"version": "1.0.0",
			"resolved": "http://repo.availity.com:8081/artifactory/api/npm/npm/nan-x/-/nan-x-1.0.0.tgz",
			"integrity": "sha1-DueOjRzQWS1bQmCllAFUVFxhwSE="
		},
		"normalize-space-x": {
			"version": "3.0.0",
			"resolved": "http://repo.availity.com:8081/artifactory/api/npm/npm/normalize-space-x/-/normalize-space-x-3.0.0.tgz",
			"integrity": "sha1-F5B9bHxySk+VZ0ccuzGVU7wPiII=",
			"requires": {
				"cached-constructors-x": "1.0.0",
				"trim-x": "3.0.0",
				"white-space-x": "3.0.0"
			}
		},
		"object-get-own-property-descriptor-x": {
			"version": "3.2.0",
			"resolved": "http://repo.availity.com:8081/artifactory/api/npm/npm/object-get-own-property-descriptor-x/-/object-get-own-property-descriptor-x-3.2.0.tgz",
			"integrity": "sha1-RkWFrQPmYQjtFmyZMluNLFupNxI=",
			"requires": {
				"attempt-x": "1.1.1",
				"has-own-property-x": "3.2.0",
				"has-symbol-support-x": "1.4.1",
				"is-falsey-x": "1.0.1",
				"is-index-x": "1.1.0",
				"is-primitive": "2.0.0",
				"is-string": "1.0.4",
				"property-is-enumerable-x": "1.1.0",
				"to-object-x": "1.5.0",
				"to-property-key-x": "2.0.2"
			}
		},
		"parse-int-x": {
			"version": "2.0.0",
			"resolved": "http://repo.availity.com:8081/artifactory/api/npm/npm/parse-int-x/-/parse-int-x-2.0.0.tgz",
			"integrity": "sha1-n5edQRWTDfL0cGpBgQuccSQFVS8=",
			"requires": {
				"cached-constructors-x": "1.0.0",
				"nan-x": "1.0.0",
				"to-string-x": "1.4.2",
				"trim-left-x": "3.0.0"
			}
		},
		"property-is-enumerable-x": {
			"version": "1.1.0",
			"resolved": "http://repo.availity.com:8081/artifactory/api/npm/npm/property-is-enumerable-x/-/property-is-enumerable-x-1.1.0.tgz",
			"integrity": "sha1-fKSJF0ds0JFLN4Cb/QV3ag2UL28=",
			"requires": {
				"to-object-x": "1.5.0",
				"to-property-key-x": "2.0.2"
			}
		},
		"replace-comments-x": {
			"version": "2.0.0",
			"resolved": "http://repo.availity.com:8081/artifactory/api/npm/npm/replace-comments-x/-/replace-comments-x-2.0.0.tgz",
			"integrity": "sha1-pc7Bjv2RKq14p8PEtp0BdoVW0UA=",
			"requires": {
				"require-coercible-to-string-x": "1.0.0",
				"to-string-x": "1.4.2"
			}
		},
		"require-coercible-to-string-x": {
			"version": "1.0.0",
			"resolved": "http://repo.availity.com:8081/artifactory/api/npm/npm/require-coercible-to-string-x/-/require-coercible-to-string-x-1.0.0.tgz",
			"integrity": "sha1-Nns+nKZ+ADJMQRsLSYRTp0zVVp4=",
			"requires": {
				"require-object-coercible-x": "1.4.1",
				"to-string-x": "1.4.2"
			}
		},
		"require-object-coercible-x": {
			"version": "1.4.1",
			"resolved": "http://repo.availity.com:8081/artifactory/api/npm/npm/require-object-coercible-x/-/require-object-coercible-x-1.4.1.tgz",
			"integrity": "sha1-dbn7W9otFc9wWlcU8QjotAyj6y4=",
			"requires": {
				"is-nil-x": "1.4.1"
			}
		},
		"resolve-url": {
			"version": "0.2.1",
			"resolved": "http://repo.availity.com:8081/artifactory/api/npm/npm/resolve-url/-/resolve-url-0.2.1.tgz",
			"integrity": "sha1-LGN/53yJOv0qZj/iGqkIAGjiBSo="
		},
		"to-boolean-x": {
			"version": "1.0.1",
			"resolved": "http://repo.availity.com:8081/artifactory/api/npm/npm/to-boolean-x/-/to-boolean-x-1.0.1.tgz",
			"integrity": "sha1-ckEo2sxb6nWpOtRxvn7pJ3VhssE="
		},
		"to-integer-x": {
			"version": "3.0.0",
			"resolved": "http://repo.availity.com:8081/artifactory/api/npm/npm/to-integer-x/-/to-integer-x-3.0.0.tgz",
			"integrity": "sha1-nzuA5mjH8K5F5pJrQNlfUsGt3HQ=",
			"requires": {
				"is-finite-x": "3.0.2",
				"is-nan-x": "1.0.1",
				"math-sign-x": "3.0.0",
				"to-number-x": "2.0.0"
			}
		},
		"to-number-x": {
			"version": "2.0.0",
			"resolved": "http://repo.availity.com:8081/artifactory/api/npm/npm/to-number-x/-/to-number-x-2.0.0.tgz",
			"integrity": "sha1-yQmdfe2P0ycTKimH3y3Mi682300=",
			"requires": {
				"cached-constructors-x": "1.0.0",
				"nan-x": "1.0.0",
				"parse-int-x": "2.0.0",
				"to-primitive-x": "1.1.0",
				"trim-x": "3.0.0"
			}
		},
		"to-object-x": {
			"version": "1.5.0",
			"resolved": "http://repo.availity.com:8081/artifactory/api/npm/npm/to-object-x/-/to-object-x-1.5.0.tgz",
			"integrity": "sha1-vWndThBNd6zAzA2E9axI9jCuvjw=",
			"requires": {
				"cached-constructors-x": "1.0.0",
				"require-object-coercible-x": "1.4.1"
			}
		},
		"to-primitive-x": {
			"version": "1.1.0",
			"resolved": "http://repo.availity.com:8081/artifactory/api/npm/npm/to-primitive-x/-/to-primitive-x-1.1.0.tgz",
			"integrity": "sha1-Qc4sE+PiRuDl0KiCmgVnxgFYM/g=",
			"requires": {
				"has-symbol-support-x": "1.4.1",
				"is-date-object": "1.0.1",
				"is-function-x": "3.3.0",
				"is-nil-x": "1.4.1",
				"is-primitive": "2.0.0",
				"is-symbol": "1.0.1",
				"require-object-coercible-x": "1.4.1",
				"validate.io-undefined": "1.0.3"
			}
		},
		"to-property-key-x": {
			"version": "2.0.2",
			"resolved": "http://repo.availity.com:8081/artifactory/api/npm/npm/to-property-key-x/-/to-property-key-x-2.0.2.tgz",
			"integrity": "sha1-sZqo4i+qD/fRwQLPvGV69zQTz6E=",
			"requires": {
				"has-symbol-support-x": "1.4.1",
				"to-primitive-x": "1.1.0",
				"to-string-x": "1.4.2"
			}
		},
		"to-string-symbols-supported-x": {
			"version": "1.0.0",
			"resolved": "http://repo.availity.com:8081/artifactory/api/npm/npm/to-string-symbols-supported-x/-/to-string-symbols-supported-x-1.0.0.tgz",
			"integrity": "sha1-1DXrcjEv6IWxgEepbVnHVkFHaHI=",
			"requires": {
				"cached-constructors-x": "1.0.0",
				"has-symbol-support-x": "1.4.1",
				"is-symbol": "1.0.1"
			}
		},
		"to-string-tag-x": {
			"version": "1.4.2",
			"resolved": "http://repo.availity.com:8081/artifactory/api/npm/npm/to-string-tag-x/-/to-string-tag-x-1.4.2.tgz",
			"integrity": "sha1-kWoMctL5PcJ/zP4OoM4mzXi+Id4=",
			"requires": {
				"lodash.isnull": "3.0.0",
				"validate.io-undefined": "1.0.3"
			}
		},
		"to-string-x": {
			"version": "1.4.2",
			"resolved": "http://repo.availity.com:8081/artifactory/api/npm/npm/to-string-x/-/to-string-x-1.4.2.tgz",
			"integrity": "sha1-fZolKOFZqSFOZoE3weEKBFq+Ynk=",
			"requires": {
				"is-symbol": "1.0.1"
			}
		},
		"trim-left-x": {
			"version": "3.0.0",
			"resolved": "http://repo.availity.com:8081/artifactory/api/npm/npm/trim-left-x/-/trim-left-x-3.0.0.tgz",
			"integrity": "sha1-NWzwVYlnJrl1RCXoQTmIQukLTN8=",
			"requires": {
				"cached-constructors-x": "1.0.0",
				"require-coercible-to-string-x": "1.0.0",
				"white-space-x": "3.0.0"
			}
		},
		"trim-right-x": {
			"version": "3.0.0",
			"resolved": "http://repo.availity.com:8081/artifactory/api/npm/npm/trim-right-x/-/trim-right-x-3.0.0.tgz",
			"integrity": "sha1-KMTNN9WYH1Cs6bUuPOkQb00tIsA=",
			"requires": {
				"cached-constructors-x": "1.0.0",
				"require-coercible-to-string-x": "1.0.0",
				"white-space-x": "3.0.0"
			}
		},
		"trim-x": {
			"version": "3.0.0",
			"resolved": "http://repo.availity.com:8081/artifactory/api/npm/npm/trim-x/-/trim-x-3.0.0.tgz",
			"integrity": "sha1-JO/c0Ce3SLv8JGoBOa0XSb7+8CQ=",
			"requires": {
				"trim-left-x": "3.0.0",
				"trim-right-x": "3.0.0"
			}
		},
		"tus-js-client": {
			"version": "1.4.5",
			"resolved": "http://repo.availity.com:8081/artifactory/api/npm/npm/tus-js-client/-/tus-js-client-1.4.5.tgz",
			"integrity": "sha1-7lJd+KLE3EETvPkz3dfUCj20O5U=",
			"requires": {
				"buffer-from": "0.1.1",
				"extend": "3.0.1",
				"lodash.throttle": "4.1.1",
				"resolve-url": "0.2.1"
			}
		},
		"validate.io-undefined": {
			"version": "1.0.3",
			"resolved": "http://repo.availity.com:8081/artifactory/api/npm/npm/validate.io-undefined/-/validate.io-undefined-1.0.3.tgz",
			"integrity": "sha1-fif8uzFbhB54JDQxiXZxkp4gt/Q="
		},
		"white-space-x": {
			"version": "3.0.0",
			"resolved": "http://repo.availity.com:8081/artifactory/api/npm/npm/white-space-x/-/white-space-x-3.0.0.tgz",
			"integrity": "sha1-yOMe1P7PTz/uvmUy5gRgCKZmo+E="
		}
	}
}
