{
	"name": "@availity/exceptions-core",
	"version": "2.5.0",
	"lockfileVersion": 1,
	"requires": true,
	"dependencies": {
		"error-stack-parser": {
			"version": "2.0.2",
			"resolved": "https://artifactory.availity.com/artifactory/api/npm/npm/error-stack-parser/-/error-stack-parser-2.0.2.tgz",
			"integrity": "sha1-Sujbqiv5CotFBwe5FJ3KvKE1Ug0=",
			"dev": true,
			"requires": {
				"stackframe": "^1.0.4"
			}
		},
		"mockdate": {
			"version": "2.0.2",
			"resolved": "https://artifactory.availity.com/artifactory/api/npm/npm/mockdate/-/mockdate-2.0.2.tgz",
			"integrity": "sha1-WuDA6vj+I+AJzQH5iJtCxPY0rxI=",
			"dev": true
		},
		"source-map": {
			"version": "0.5.6",
			"resolved": "https://artifactory.availity.com/artifactory/api/npm/npm/source-map/-/source-map-0.5.6.tgz",
			"integrity": "sha1-dc449SvwczxafwwRjYEzSiu19BI=",
			"dev": true
		},
		"stack-generator": {
			"version": "2.0.3",
			"resolved": "https://artifactory.availity.com/artifactory/api/npm/npm/stack-generator/-/stack-generator-2.0.3.tgz",
			"integrity": "sha1-u3Q4XGf/xMzzxN7lgxgy1OUJyKA=",
			"dev": true,
			"requires": {
				"stackframe": "^1.0.4"
			}
		},
		"stackframe": {
			"version": "1.0.4",
			"resolved": "https://artifactory.availity.com/artifactory/api/npm/npm/stackframe/-/stackframe-1.0.4.tgz",
			"integrity": "sha1-NXskqZL5Qny6a1RdlqFO0svKGHs=",
			"dev": true
		},
		"stacktrace-gps": {
			"version": "3.0.2",
			"resolved": "https://artifactory.availity.com/artifactory/api/npm/npm/stacktrace-gps/-/stacktrace-gps-3.0.2.tgz",
			"integrity": "sha1-M/i6pEZzI6sr0YFu+ieZQrpDHMw=",
			"dev": true,
			"requires": {
				"source-map": "0.5.6",
				"stackframe": "^1.0.4"
			}
		},
		"stacktrace-js": {
			"version": "2.0.0",
			"resolved": "https://artifactory.availity.com/artifactory/api/npm/npm/stacktrace-js/-/stacktrace-js-2.0.0.tgz",
			"integrity": "sha1-d2ymRqlbxsayuQd2U2p/xyxt21g=",
			"dev": true,
			"requires": {
				"error-stack-parser": "^2.0.1",
				"stack-generator": "^2.0.1",
				"stacktrace-gps": "^3.0.1"
			}
		}
	}
}
