{
	"requires": true,
	"lockfileVersion": 1,
	"dependencies": {
		"tracekit": {
			"version": "0.4.5",
			"resolved": "https://registry.npmjs.org/tracekit/-/tracekit-0.4.5.tgz",
			"integrity": "sha512-LAb1udnpvhpgcx6/gmv7s6RO5lBwQGgAT/1VW0egSNSMvH/3xU3xKLoJ3pc+nkJ5AMv9qgTBnCkrUzbrHmCLpg=="
		}
	}
}
