{
  "name": "@availity/keyv-local-sync",
  "version": "2.6.1",
  "lockfileVersion": 1,
  "requires": true,
  "dependencies": {
    "quick-lru": {
      "version": "4.0.1",
      "resolved": "https://registry.npmjs.org/quick-lru/-/quick-lru-4.0.1.tgz",
      "integrity": "sha512-ARhCpm70fzdcvNQfPoy49IaanKkTlRWF2JMzqhcJbhSFRZv7nPTvZJdcY7301IPmvW+/p0RgIWnQDLJxifsQ7g=="
    }
  }
}
