{
	"requires": true,
	"lockfileVersion": 1,
	"dependencies": {
		"angular": {
			"version": "1.6.8",
			"resolved": "http://repo.availity.com:8081/artifactory/api/npm/npm/angular/-/angular-1.6.8.tgz",
			"integrity": "sha1-W+N4pYvpGlSJ54tZxFGM2f0nP/s="
		},
		"angular-mocks": {
			"version": "1.6.8",
			"resolved": "http://repo.availity.com:8081/artifactory/api/npm/npm/angular-mocks/-/angular-mocks-1.6.8.tgz",
			"integrity": "sha1-uiEgBXtO2qVkkth4nd+8jxivo8U="
		}
	}
}
