{
	"requires": true,
	"lockfileVersion": 1,
	"dependencies": {
		"angular": {
			"version": "1.7.3",
			"resolved": "https://registry.npmjs.org/angular/-/angular-1.7.3.tgz",
			"integrity": "sha512-hQRhU56shs72y88cS0Uy9g+UAMHoztJ3V+r+iF8o1AK/Bpu8ewmjFDk9j2LjSuN05a9mhxW1rOHnYKOwyTS/Zg=="
		},
		"angular-mocks": {
			"version": "1.7.3",
			"resolved": "https://registry.npmjs.org/angular-mocks/-/angular-mocks-1.7.3.tgz",
			"integrity": "sha512-j9JZxJiTdwr1oZPtQQFSMpfNZiY+LzKJaodVeWCdXMA1+mOXxS2f8k0yEnG618O2LHd/MU8z3IibyVgbl9xuiA=="
		}
	}
}
