{
	"name": "@availity/dl-core",
	"version": "3.0.7",
	"lockfileVersion": 1,
	"requires": true,
	"dependencies": {
		"@availity/api-core": {
			"version": "5.1.5",
			"dev": true,
			"requires": {
				"@availity/resolve-url": "^1.1.0",
				"qs": "^6.5.2"
			}
		},
		"js-file-download": {
			"version": "0.4.7",
			"resolved": "https://registry.npmjs.org/js-file-download/-/js-file-download-0.4.7.tgz",
			"integrity": "sha512-9AQYwIpgTz3BqKQQ9kZldCXd0BekFmxvUguEVJwVlTe9cON1slRaT+hqctEbjoXbz9Aj+8Qgl3841zYWeCstuA=="
		}
	}
}
